PODS:
  - FlexLayout (1.3.20)
  - SnapKit (5.0.1)

DEPENDENCIES:
  - FlexLayout
  - SnapKit

SPEC REPOS:
  trunk:
    - FlexLayout
    - SnapKit

SPEC CHECKSUMS:
  FlexLayout: 025dd153bd5618dcc9f93ef914106d7dc2a86fdc
  SnapKit: 97b92857e3df3a0c71833cce143274bf6ef8e5eb

PODFILE CHECKSUM: d29ab58bcb4db240bae78a4a399c406575a30179

COCOAPODS: 1.9.1
